// !$*UTF8*$!
{
	archiveVersion = 1;
	classes = {
	};
	objectVersion = 56;
	objects = {

/* Begin PBXBuildFile section */
		9701FA462C4B09E500BEA9E8 /* AppDelegate.swift in Sources */ = {isa = PBXBuildFile; fileRef = 9701FA452C4B09E500BEA9E8 /* AppDelegate.swift */; };
		9701FA4A2C4B09E500BEA9E8 /* SearchCityViewController.swift in Sources */ = {isa = PBXBuildFile; fileRef = 9701FA492C4B09E500BEA9E8 /* SearchCityViewController.swift */; };
		9701FA4F2C4B09E600BEA9E8 /* Assets.xcassets in Resources */ = {isa = PBXBuildFile; fileRef = 9701FA4E2C4B09E600BEA9E8 /* Assets.xcassets */; };
		9701FA522C4B09E600BEA9E8 /* Base in Resources */ = {isa = PBXBuildFile; fileRef = 9701FA512C4B09E600BEA9E8 /* Base */; };
		9701FA5D2C4B09E600BEA9E8 /* WeatherAppTests.swift in Sources */ = {isa = PBXBuildFile; fileRef = 9701FA5C2C4B09E600BEA9E8 /* WeatherAppTests.swift */; };
		97269E1A2C4B163300D5540B /* AppFont.swift in Sources */ = {isa = PBXBuildFile; fileRef = 97269E192C4B163300D5540B /* AppFont.swift */; };
		97269E1C2C4B18DD00D5540B /* AppCoordinator.swift in Sources */ = {isa = PBXBuildFile; fileRef = 97269E1B2C4B18DD00D5540B /* AppCoordinator.swift */; };
		97269E1E2C4B19B300D5540B /* SearchCityViewModel.swift in Sources */ = {isa = PBXBuildFile; fileRef = 97269E1D2C4B19B300D5540B /* SearchCityViewModel.swift */; };
		97269E202C4B1AB400D5540B /* WeatherDetailsViewController.swift in Sources */ = {isa = PBXBuildFile; fileRef = 97269E1F2C4B1AB400D5540B /* WeatherDetailsViewController.swift */; };
		97269E222C4B1ACE00D5540B /* WeatherDetailsViewModel.swift in Sources */ = {isa = PBXBuildFile; fileRef = 97269E212C4B1ACE00D5540B /* WeatherDetailsViewModel.swift */; };
		97269E272C4BF4BA00D5540B /* SearchCityTextField.swift in Sources */ = {isa = PBXBuildFile; fileRef = 97269E262C4BF4BA00D5540B /* SearchCityTextField.swift */; };
		97269E2A2C4C1A9000D5540B /* UIViewController+Extension.swift in Sources */ = {isa = PBXBuildFile; fileRef = 97269E292C4C1A9000D5540B /* UIViewController+Extension.swift */; };
		97269E2C2C4C1D9800D5540B /* SearchCityTextFieldValidator.swift in Sources */ = {isa = PBXBuildFile; fileRef = 97269E2B2C4C1D9800D5540B /* SearchCityTextFieldValidator.swift */; };
		97F3E3C12C4B0FB400311743 /* BaseViewController.swift in Sources */ = {isa = PBXBuildFile; fileRef = 97F3E3C02C4B0FB400311743 /* BaseViewController.swift */; };
		97F3E3C32C4B104B00311743 /* BaseView.swift in Sources */ = {isa = PBXBuildFile; fileRef = 97F3E3C22C4B104B00311743 /* BaseView.swift */; };
		97F3E3C72C4B143000311743 /* Inter-Medium.ttf in Resources */ = {isa = PBXBuildFile; fileRef = 97F3E3C62C4B143000311743 /* Inter-Medium.ttf */; };
		97F3E3C92C4B143C00311743 /* Inter-Regular.ttf in Resources */ = {isa = PBXBuildFile; fileRef = 97F3E3C82C4B143C00311743 /* Inter-Regular.ttf */; };
		97F3E3CB2C4B144900311743 /* Inter-ExtraLight.ttf in Resources */ = {isa = PBXBuildFile; fileRef = 97F3E3CA2C4B144900311743 /* Inter-ExtraLight.ttf */; };
		97F3E3CD2C4B146500311743 /* Inter-Bold.ttf in Resources */ = {isa = PBXBuildFile; fileRef = 97F3E3CC2C4B146500311743 /* Inter-Bold.ttf */; };
/* End PBXBuildFile section */

/* Begin PBXContainerItemProxy section */
		9701FA592C4B09E600BEA9E8 /* PBXContainerItemProxy */ = {
			isa = PBXContainerItemProxy;
			containerPortal = 9701FA3A2C4B09E500BEA9E8 /* Project object */;
			proxyType = 1;
			remoteGlobalIDString = 9701FA412C4B09E500BEA9E8;
			remoteInfo = WeatherApp;
		};
/* End PBXContainerItemProxy section */

/* Begin PBXFileReference section */
		9701FA422C4B09E500BEA9E8 /* WeatherApp.app */ = {isa = PBXFileReference; explicitFileType = wrapper.application; includeInIndex = 0; path = WeatherApp.app; sourceTree = BUILT_PRODUCTS_DIR; };
		9701FA452C4B09E500BEA9E8 /* AppDelegate.swift */ = {isa = PBXFileReference; lastKnownFileType = sourcecode.swift; path = AppDelegate.swift; sourceTree = "<group>"; };
		9701FA492C4B09E500BEA9E8 /* SearchCityViewController.swift */ = {isa = PBXFileReference; lastKnownFileType = sourcecode.swift; path = SearchCityViewController.swift; sourceTree = "<group>"; };
		9701FA4E2C4B09E600BEA9E8 /* Assets.xcassets */ = {isa = PBXFileReference; lastKnownFileType = folder.assetcatalog; path = Assets.xcassets; sourceTree = "<group>"; };
		9701FA512C4B09E600BEA9E8 /* Base */ = {isa = PBXFileReference; lastKnownFileType = file.storyboard; name = Base; path = Base.lproj/LaunchScreen.storyboard; sourceTree = "<group>"; };
		9701FA532C4B09E600BEA9E8 /* Info.plist */ = {isa = PBXFileReference; lastKnownFileType = text.plist.xml; path = Info.plist; sourceTree = "<group>"; };
		9701FA582C4B09E600BEA9E8 /* WeatherAppTests.xctest */ = {isa = PBXFileReference; explicitFileType = wrapper.cfbundle; includeInIndex = 0; path = WeatherAppTests.xctest; sourceTree = BUILT_PRODUCTS_DIR; };
		9701FA5C2C4B09E600BEA9E8 /* WeatherAppTests.swift */ = {isa = PBXFileReference; lastKnownFileType = sourcecode.swift; path = WeatherAppTests.swift; sourceTree = "<group>"; };
		97269E192C4B163300D5540B /* AppFont.swift */ = {isa = PBXFileReference; lastKnownFileType = sourcecode.swift; path = AppFont.swift; sourceTree = "<group>"; };
		97269E1B2C4B18DD00D5540B /* AppCoordinator.swift */ = {isa = PBXFileReference; lastKnownFileType = sourcecode.swift; path = AppCoordinator.swift; sourceTree = "<group>"; };
		97269E1D2C4B19B300D5540B /* SearchCityViewModel.swift */ = {isa = PBXFileReference; lastKnownFileType = sourcecode.swift; path = SearchCityViewModel.swift; sourceTree = "<group>"; };
		97269E1F2C4B1AB400D5540B /* WeatherDetailsViewController.swift */ = {isa = PBXFileReference; lastKnownFileType = sourcecode.swift; path = WeatherDetailsViewController.swift; sourceTree = "<group>"; };
		97269E212C4B1ACE00D5540B /* WeatherDetailsViewModel.swift */ = {isa = PBXFileReference; lastKnownFileType = sourcecode.swift; path = WeatherDetailsViewModel.swift; sourceTree = "<group>"; };
		97269E262C4BF4BA00D5540B /* SearchCityTextField.swift */ = {isa = PBXFileReference; lastKnownFileType = sourcecode.swift; path = SearchCityTextField.swift; sourceTree = "<group>"; };
		97269E292C4C1A9000D5540B /* UIViewController+Extension.swift */ = {isa = PBXFileReference; lastKnownFileType = sourcecode.swift; path = "UIViewController+Extension.swift"; sourceTree = "<group>"; };
		97269E2B2C4C1D9800D5540B /* SearchCityTextFieldValidator.swift */ = {isa = PBXFileReference; lastKnownFileType = sourcecode.swift; path = SearchCityTextFieldValidator.swift; sourceTree = "<group>"; };
		97F3E3C02C4B0FB400311743 /* BaseViewController.swift */ = {isa = PBXFileReference; lastKnownFileType = sourcecode.swift; path = BaseViewController.swift; sourceTree = "<group>"; };
		97F3E3C22C4B104B00311743 /* BaseView.swift */ = {isa = PBXFileReference; lastKnownFileType = sourcecode.swift; path = BaseView.swift; sourceTree = "<group>"; };
		97F3E3C62C4B143000311743 /* Inter-Medium.ttf */ = {isa = PBXFileReference; lastKnownFileType = file; name = "Inter-Medium.ttf"; path = "../../../../../../Inter/static/Inter-Medium.ttf"; sourceTree = "<group>"; };
		97F3E3C82C4B143C00311743 /* Inter-Regular.ttf */ = {isa = PBXFileReference; lastKnownFileType = file; name = "Inter-Regular.ttf"; path = "../../../../../../Inter/static/Inter-Regular.ttf"; sourceTree = "<group>"; };
		97F3E3CA2C4B144900311743 /* Inter-ExtraLight.ttf */ = {isa = PBXFileReference; lastKnownFileType = file; name = "Inter-ExtraLight.ttf"; path = "../../../../../../Inter/static/Inter-ExtraLight.ttf"; sourceTree = "<group>"; };
		97F3E3CC2C4B146500311743 /* Inter-Bold.ttf */ = {isa = PBXFileReference; lastKnownFileType = file; name = "Inter-Bold.ttf"; path = "../../../../../../Inter/static/Inter-Bold.ttf"; sourceTree = "<group>"; };
/* End PBXFileReference section */

/* Begin PBXFrameworksBuildPhase section */
		9701FA3F2C4B09E500BEA9E8 /* Frameworks */ = {
			isa = PBXFrameworksBuildPhase;
			buildActionMask = 2147483647;
			files = (
			);
			runOnlyForDeploymentPostprocessing = 0;
		};
		9701FA552C4B09E600BEA9E8 /* Frameworks */ = {
			isa = PBXFrameworksBuildPhase;
			buildActionMask = 2147483647;
			files = (
			);
			runOnlyForDeploymentPostprocessing = 0;
		};
/* End PBXFrameworksBuildPhase section */

/* Begin PBXGroup section */
		9701FA392C4B09E500BEA9E8 = {
			isa = PBXGroup;
			children = (
				9701FA442C4B09E500BEA9E8 /* WeatherApp */,
				9701FA5B2C4B09E600BEA9E8 /* WeatherAppTests */,
				9701FA432C4B09E500BEA9E8 /* Products */,
			);
			sourceTree = "<group>";
		};
		9701FA432C4B09E500BEA9E8 /* Products */ = {
			isa = PBXGroup;
			children = (
				9701FA422C4B09E500BEA9E8 /* WeatherApp.app */,
				9701FA582C4B09E600BEA9E8 /* WeatherAppTests.xctest */,
			);
			name = Products;
			sourceTree = "<group>";
		};
		9701FA442C4B09E500BEA9E8 /* WeatherApp */ = {
			isa = PBXGroup;
			children = (
				9701FA762C4B0C9500BEA9E8 /* App */,
				9701FA772C4B0CA600BEA9E8 /* Features */,
				97F3E3BF2C4B0F6200311743 /* Core */,
				9701FA752C4B0A9400BEA9E8 /* Resources */,
			);
			path = WeatherApp;
			sourceTree = "<group>";
		};
		9701FA5B2C4B09E600BEA9E8 /* WeatherAppTests */ = {
			isa = PBXGroup;
			children = (
				9701FA5C2C4B09E600BEA9E8 /* WeatherAppTests.swift */,
			);
			path = WeatherAppTests;
			sourceTree = "<group>";
		};
		9701FA752C4B0A9400BEA9E8 /* Resources */ = {
			isa = PBXGroup;
			children = (
				97F3E3C52C4B139300311743 /* Fonts */,
				9701FA4E2C4B09E600BEA9E8 /* Assets.xcassets */,
				9701FA502C4B09E600BEA9E8 /* LaunchScreen.storyboard */,
				9701FA532C4B09E600BEA9E8 /* Info.plist */,
			);
			path = Resources;
			sourceTree = "<group>";
		};
		9701FA762C4B0C9500BEA9E8 /* App */ = {
			isa = PBXGroup;
			children = (
				9701FA452C4B09E500BEA9E8 /* AppDelegate.swift */,
				97269E192C4B163300D5540B /* AppFont.swift */,
				97269E1B2C4B18DD00D5540B /* AppCoordinator.swift */,
			);
			path = App;
			sourceTree = "<group>";
		};
		9701FA772C4B0CA600BEA9E8 /* Features */ = {
			isa = PBXGroup;
			children = (
				97269E232C4B1E9E00D5540B /* SearchCity */,
				97269E242C4B1EA900D5540B /* WeatherDetails */,
			);
			path = Features;
			sourceTree = "<group>";
		};
		97269E232C4B1E9E00D5540B /* SearchCity */ = {
			isa = PBXGroup;
			children = (
				9701FA492C4B09E500BEA9E8 /* SearchCityViewController.swift */,
				97269E1D2C4B19B300D5540B /* SearchCityViewModel.swift */,
				97269E262C4BF4BA00D5540B /* SearchCityTextField.swift */,
			);
			path = SearchCity;
			sourceTree = "<group>";
		};
		97269E242C4B1EA900D5540B /* WeatherDetails */ = {
			isa = PBXGroup;
			children = (
				97269E1F2C4B1AB400D5540B /* WeatherDetailsViewController.swift */,
				97269E212C4B1ACE00D5540B /* WeatherDetailsViewModel.swift */,
			);
			path = WeatherDetails;
			sourceTree = "<group>";
		};
		97269E282C4C1A7B00D5540B /* Utils */ = {
			isa = PBXGroup;
			children = (
				97269E292C4C1A9000D5540B /* UIViewController+Extension.swift */,
			);
			path = Utils;
			sourceTree = "<group>";
		};
		97269E2D2C4C1DBF00D5540B /* Helpers */ = {
			isa = PBXGroup;
			children = (
				97269E2B2C4C1D9800D5540B /* SearchCityTextFieldValidator.swift */,
			);
			path = Helpers;
			sourceTree = "<group>";
		};
		97F3E3BF2C4B0F6200311743 /* Core */ = {
			isa = PBXGroup;
			children = (
				97269E282C4C1A7B00D5540B /* Utils */,
				97F3E3C42C4B109F00311743 /* Base */,
				97269E2D2C4C1DBF00D5540B /* Helpers */,
			);
			path = Core;
			sourceTree = "<group>";
		};
		97F3E3C42C4B109F00311743 /* Base */ = {
			isa = PBXGroup;
			children = (
				97F3E3C02C4B0FB400311743 /* BaseViewController.swift */,
				97F3E3C22C4B104B00311743 /* BaseView.swift */,
			);
			path = Base;
			sourceTree = "<group>";
		};
		97F3E3C52C4B139300311743 /* Fonts */ = {
			isa = PBXGroup;
			children = (
				97F3E3CC2C4B146500311743 /* Inter-Bold.ttf */,
				97F3E3C62C4B143000311743 /* Inter-Medium.ttf */,
				97F3E3C82C4B143C00311743 /* Inter-Regular.ttf */,
				97F3E3CA2C4B144900311743 /* Inter-ExtraLight.ttf */,
			);
			path = Fonts;
			sourceTree = "<group>";
		};
/* End PBXGroup section */

/* Begin PBXNativeTarget section */
		9701FA412C4B09E500BEA9E8 /* WeatherApp */ = {
			isa = PBXNativeTarget;
			buildConfigurationList = 9701FA6C2C4B09E600BEA9E8 /* Build configuration list for PBXNativeTarget "WeatherApp" */;
			buildPhases = (
				9701FA3E2C4B09E500BEA9E8 /* Sources */,
				9701FA3F2C4B09E500BEA9E8 /* Frameworks */,
				9701FA402C4B09E500BEA9E8 /* Resources */,
			);
			buildRules = (
			);
			dependencies = (
			);
			name = WeatherApp;
			productName = WeatherApp;
			productReference = 9701FA422C4B09E500BEA9E8 /* WeatherApp.app */;
			productType = "com.apple.product-type.application";
		};
		9701FA572C4B09E600BEA9E8 /* WeatherAppTests */ = {
			isa = PBXNativeTarget;
			buildConfigurationList = 9701FA6F2C4B09E600BEA9E8 /* Build configuration list for PBXNativeTarget "WeatherAppTests" */;
			buildPhases = (
				9701FA542C4B09E600BEA9E8 /* Sources */,
				9701FA552C4B09E600BEA9E8 /* Frameworks */,
				9701FA562C4B09E600BEA9E8 /* Resources */,
			);
			buildRules = (
			);
			dependencies = (
				9701FA5A2C4B09E600BEA9E8 /* PBXTargetDependency */,
			);
			name = WeatherAppTests;
			productName = WeatherAppTests;
			productReference = 9701FA582C4B09E600BEA9E8 /* WeatherAppTests.xctest */;
			productType = "com.apple.product-type.bundle.unit-test";
		};
/* End PBXNativeTarget section */

/* Begin PBXProject section */
		9701FA3A2C4B09E500BEA9E8 /* Project object */ = {
			isa = PBXProject;
			attributes = {
				BuildIndependentTargetsInParallel = 1;
				LastSwiftUpdateCheck = 1540;
				LastUpgradeCheck = 1540;
				TargetAttributes = {
					9701FA412C4B09E500BEA9E8 = {
						CreatedOnToolsVersion = 15.4;
					};
					9701FA572C4B09E600BEA9E8 = {
						CreatedOnToolsVersion = 15.4;
						TestTargetID = 9701FA412C4B09E500BEA9E8;
					};
				};
			};
			buildConfigurationList = 9701FA3D2C4B09E500BEA9E8 /* Build configuration list for PBXProject "WeatherApp" */;
			compatibilityVersion = "Xcode 14.0";
			developmentRegion = en;
			hasScannedForEncodings = 0;
			knownRegions = (
				en,
				Base,
			);
			mainGroup = 9701FA392C4B09E500BEA9E8;
			productRefGroup = 9701FA432C4B09E500BEA9E8 /* Products */;
			projectDirPath = "";
			projectRoot = "";
			targets = (
				9701FA412C4B09E500BEA9E8 /* WeatherApp */,
				9701FA572C4B09E600BEA9E8 /* WeatherAppTests */,
			);
		};
/* End PBXProject section */

/* Begin PBXResourcesBuildPhase section */
		9701FA402C4B09E500BEA9E8 /* Resources */ = {
			isa = PBXResourcesBuildPhase;
			buildActionMask = 2147483647;
			files = (
				97F3E3CD2C4B146500311743 /* Inter-Bold.ttf in Resources */,
				9701FA4F2C4B09E600BEA9E8 /* Assets.xcassets in Resources */,
				97F3E3CB2C4B144900311743 /* Inter-ExtraLight.ttf in Resources */,
				9701FA522C4B09E600BEA9E8 /* Base in Resources */,
				97F3E3C92C4B143C00311743 /* Inter-Regular.ttf in Resources */,
				97F3E3C72C4B143000311743 /* Inter-Medium.ttf in Resources */,
			);
			runOnlyForDeploymentPostprocessing = 0;
		};
		9701FA562C4B09E600BEA9E8 /* Resources */ = {
			isa = PBXResourcesBuildPhase;
			buildActionMask = 2147483647;
			files = (
			);
			runOnlyForDeploymentPostprocessing = 0;
		};
/* End PBXResourcesBuildPhase section */

/* Begin PBXSourcesBuildPhase section */
		9701FA3E2C4B09E500BEA9E8 /* Sources */ = {
			isa = PBXSourcesBuildPhase;
			buildActionMask = 2147483647;
			files = (
				97269E1C2C4B18DD00D5540B /* AppCoordinator.swift in Sources */,
				97269E2A2C4C1A9000D5540B /* UIViewController+Extension.swift in Sources */,
				9701FA4A2C4B09E500BEA9E8 /* SearchCityViewController.swift in Sources */,
				97269E202C4B1AB400D5540B /* WeatherDetailsViewController.swift in Sources */,
				97269E1A2C4B163300D5540B /* AppFont.swift in Sources */,
				97269E1E2C4B19B300D5540B /* SearchCityViewModel.swift in Sources */,
				97269E272C4BF4BA00D5540B /* SearchCityTextField.swift in Sources */,
				97269E222C4B1ACE00D5540B /* WeatherDetailsViewModel.swift in Sources */,
				9701FA462C4B09E500BEA9E8 /* AppDelegate.swift in Sources */,
				97F3E3C12C4B0FB400311743 /* BaseViewController.swift in Sources */,
				97269E2C2C4C1D9800D5540B /* SearchCityTextFieldValidator.swift in Sources */,
				97F3E3C32C4B104B00311743 /* BaseView.swift in Sources */,
			);
			runOnlyForDeploymentPostprocessing = 0;
		};
		9701FA542C4B09E600BEA9E8 /* Sources */ = {
			isa = PBXSourcesBuildPhase;
			buildActionMask = 2147483647;
			files = (
				9701FA5D2C4B09E600BEA9E8 /* WeatherAppTests.swift in Sources */,
			);
			runOnlyForDeploymentPostprocessing = 0;
		};
/* End PBXSourcesBuildPhase section */

/* Begin PBXTargetDependency section */
		9701FA5A2C4B09E600BEA9E8 /* PBXTargetDependency */ = {
			isa = PBXTargetDependency;
			target = 9701FA412C4B09E500BEA9E8 /* WeatherApp */;
			targetProxy = 9701FA592C4B09E600BEA9E8 /* PBXContainerItemProxy */;
		};
/* End PBXTargetDependency section */

/* Begin PBXVariantGroup section */
		9701FA502C4B09E600BEA9E8 /* LaunchScreen.storyboard */ = {
			isa = PBXVariantGroup;
			children = (
				9701FA512C4B09E600BEA9E8 /* Base */,
			);
			name = LaunchScreen.storyboard;
			sourceTree = "<group>";
		};
/* End PBXVariantGroup section */

/* Begin XCBuildConfiguration section */
		9701FA6A2C4B09E600BEA9E8 /* Debug */ = {
			isa = XCBuildConfiguration;
			buildSettings = {
				ALWAYS_SEARCH_USER_PATHS = NO;
				ASSETCATALOG_COMPILER_GENERATE_SWIFT_ASSET_SYMBOL_EXTENSIONS = YES;
				CLANG_ANALYZER_NONNULL = YES;
				CLANG_ANALYZER_NUMBER_OBJECT_CONVERSION = YES_AGGRESSIVE;
				CLANG_CXX_LANGUAGE_STANDARD = "gnu++20";
				CLANG_ENABLE_MODULES = YES;
				CLANG_ENABLE_OBJC_ARC = YES;
				CLANG_ENABLE_OBJC_WEAK = YES;
				CLANG_WARN_BLOCK_CAPTURE_AUTORELEASING = YES;
				CLANG_WARN_BOOL_CONVERSION = YES;
				CLANG_WARN_COMMA = YES;
				CLANG_WARN_CONSTANT_CONVERSION = YES;
				CLANG_WARN_DEPRECATED_OBJC_IMPLEMENTATIONS = YES;
				CLANG_WARN_DIRECT_OBJC_ISA_USAGE = YES_ERROR;
				CLANG_WARN_DOCUMENTATION_COMMENTS = YES;
				CLANG_WARN_EMPTY_BODY = YES;
				CLANG_WARN_ENUM_CONVERSION = YES;
				CLANG_WARN_INFINITE_RECURSION = YES;
				CLANG_WARN_INT_CONVERSION = YES;
				CLANG_WARN_NON_LITERAL_NULL_CONVERSION = YES;
				CLANG_WARN_OBJC_IMPLICIT_RETAIN_SELF = YES;
				CLANG_WARN_OBJC_LITERAL_CONVERSION = YES;
				CLANG_WARN_OBJC_ROOT_CLASS = YES_ERROR;
				CLANG_WARN_QUOTED_INCLUDE_IN_FRAMEWORK_HEADER = YES;
				CLANG_WARN_RANGE_LOOP_ANALYSIS = YES;
				CLANG_WARN_STRICT_PROTOTYPES = YES;
				CLANG_WARN_SUSPICIOUS_MOVE = YES;
				CLANG_WARN_UNGUARDED_AVAILABILITY = YES_AGGRESSIVE;
				CLANG_WARN_UNREACHABLE_CODE = YES;
				CLANG_WARN__DUPLICATE_METHOD_MATCH = YES;
				COPY_PHASE_STRIP = NO;
				DEBUG_INFORMATION_FORMAT = dwarf;
				ENABLE_STRICT_OBJC_MSGSEND = YES;
				ENABLE_TESTABILITY = YES;
				ENABLE_USER_SCRIPT_SANDBOXING = YES;
				GCC_C_LANGUAGE_STANDARD = gnu17;
				GCC_DYNAMIC_NO_PIC = NO;
				GCC_NO_COMMON_BLOCKS = YES;
				GCC_OPTIMIZATION_LEVEL = 0;
				GCC_PREPROCESSOR_DEFINITIONS = (
					"DEBUG=1",
					"$(inherited)",
				);
				GCC_WARN_64_TO_32_BIT_CONVERSION = YES;
				GCC_WARN_ABOUT_RETURN_TYPE = YES_ERROR;
				GCC_WARN_UNDECLARED_SELECTOR = YES;
				GCC_WARN_UNINITIALIZED_AUTOS = YES_AGGRESSIVE;
				GCC_WARN_UNUSED_FUNCTION = YES;
				GCC_WARN_UNUSED_VARIABLE = YES;
				INFOPLIST_FILE = WeatherApp/Resources/Info.plist;
				IPHONEOS_DEPLOYMENT_TARGET = 17.5;
				LOCALIZATION_PREFERS_STRING_CATALOGS = YES;
				MTL_ENABLE_DEBUG_INFO = INCLUDE_SOURCE;
				MTL_FAST_MATH = YES;
				ONLY_ACTIVE_ARCH = YES;
				SDKROOT = iphoneos;
				SWIFT_ACTIVE_COMPILATION_CONDITIONS = "DEBUG $(inherited)";
				SWIFT_OPTIMIZATION_LEVEL = "-Onone";
			};
			name = Debug;
		};
		9701FA6B2C4B09E600BEA9E8 /* Release */ = {
			isa = XCBuildConfiguration;
			buildSettings = {
				ALWAYS_SEARCH_USER_PATHS = NO;
				ASSETCATALOG_COMPILER_GENERATE_SWIFT_ASSET_SYMBOL_EXTENSIONS = YES;
				CLANG_ANALYZER_NONNULL = YES;
				CLANG_ANALYZER_NUMBER_OBJECT_CONVERSION = YES_AGGRESSIVE;
				CLANG_CXX_LANGUAGE_STANDARD = "gnu++20";
				CLANG_ENABLE_MODULES = YES;
				CLANG_ENABLE_OBJC_ARC = YES;
				CLANG_ENABLE_OBJC_WEAK = YES;
				CLANG_WARN_BLOCK_CAPTURE_AUTORELEASING = YES;
				CLANG_WARN_BOOL_CONVERSION = YES;
				CLANG_WARN_COMMA = YES;
				CLANG_WARN_CONSTANT_CONVERSION = YES;
				CLANG_WARN_DEPRECATED_OBJC_IMPLEMENTATIONS = YES;
				CLANG_WARN_DIRECT_OBJC_ISA_USAGE = YES_ERROR;
				CLANG_WARN_DOCUMENTATION_COMMENTS = YES;
				CLANG_WARN_EMPTY_BODY = YES;
				CLANG_WARN_ENUM_CONVERSION = YES;
				CLANG_WARN_INFINITE_RECURSION = YES;
				CLANG_WARN_INT_CONVERSION = YES;
				CLANG_WARN_NON_LITERAL_NULL_CONVERSION = YES;
				CLANG_WARN_OBJC_IMPLICIT_RETAIN_SELF = YES;
				CLANG_WARN_OBJC_LITERAL_CONVERSION = YES;
				CLANG_WARN_OBJC_ROOT_CLASS = YES_ERROR;
				CLANG_WARN_QUOTED_INCLUDE_IN_FRAMEWORK_HEADER = YES;
				CLANG_WARN_RANGE_LOOP_ANALYSIS = YES;
				CLANG_WARN_STRICT_PROTOTYPES = YES;
				CLANG_WARN_SUSPICIOUS_MOVE = YES;
				CLANG_WARN_UNGUARDED_AVAILABILITY = YES_AGGRESSIVE;
				CLANG_WARN_UNREACHABLE_CODE = YES;
				CLANG_WARN__DUPLICATE_METHOD_MATCH = YES;
				COPY_PHASE_STRIP = NO;
				DEBUG_INFORMATION_FORMAT = "dwarf-with-dsym";
				ENABLE_NS_ASSERTIONS = NO;
				ENABLE_STRICT_OBJC_MSGSEND = YES;
				ENABLE_USER_SCRIPT_SANDBOXING = YES;
				GCC_C_LANGUAGE_STANDARD = gnu17;
				GCC_NO_COMMON_BLOCKS = YES;
				GCC_WARN_64_TO_32_BIT_CONVERSION = YES;
				GCC_WARN_ABOUT_RETURN_TYPE = YES_ERROR;
				GCC_WARN_UNDECLARED_SELECTOR = YES;
				GCC_WARN_UNINITIALIZED_AUTOS = YES_AGGRESSIVE;
				GCC_WARN_UNUSED_FUNCTION = YES;
				GCC_WARN_UNUSED_VARIABLE = YES;
				INFOPLIST_FILE = WeatherApp/Resources/Info.plist;
				IPHONEOS_DEPLOYMENT_TARGET = 17.5;
				LOCALIZATION_PREFERS_STRING_CATALOGS = YES;
				MTL_ENABLE_DEBUG_INFO = NO;
				MTL_FAST_MATH = YES;
				SDKROOT = iphoneos;
				SWIFT_COMPILATION_MODE = wholemodule;
				VALIDATE_PRODUCT = YES;
			};
			name = Release;
		};
		9701FA6D2C4B09E600BEA9E8 /* Debug */ = {
			isa = XCBuildConfiguration;
			buildSettings = {
				ASSETCATALOG_COMPILER_APPICON_NAME = AppIcon;
				ASSETCATALOG_COMPILER_GLOBAL_ACCENT_COLOR_NAME = AccentColor;
				CODE_SIGN_STYLE = Automatic;
				CURRENT_PROJECT_VERSION = 1;
				DEVELOPMENT_TEAM = B4Z5W74G8L;
				GENERATE_INFOPLIST_FILE = YES;
				INFOPLIST_FILE = WeatherApp/Resources/Info.plist;
				INFOPLIST_KEY_UIApplicationSupportsIndirectInputEvents = YES;
				INFOPLIST_KEY_UILaunchStoryboardName = LaunchScreen;
				INFOPLIST_KEY_UIMainStoryboardFile = "";
				INFOPLIST_KEY_UISupportedInterfaceOrientations_iPad = "UIInterfaceOrientationPortrait UIInterfaceOrientationPortraitUpsideDown UIInterfaceOrientationLandscapeLeft UIInterfaceOrientationLandscapeRight";
				INFOPLIST_KEY_UISupportedInterfaceOrientations_iPhone = "UIInterfaceOrientationPortrait UIInterfaceOrientationLandscapeLeft UIInterfaceOrientationLandscapeRight";
				LD_RUNPATH_SEARCH_PATHS = (
					"$(inherited)",
					"@executable_path/Frameworks",
				);
				MARKETING_VERSION = 1.0;
				PRODUCT_BUNDLE_IDENTIFIER = lsh.WeatherApp;
				PRODUCT_NAME = "$(TARGET_NAME)";
				SWIFT_EMIT_LOC_STRINGS = YES;
				SWIFT_VERSION = 5.0;
				TARGETED_DEVICE_FAMILY = "1,2";
			};
			name = Debug;
		};
		9701FA6E2C4B09E600BEA9E8 /* Release */ = {
			isa = XCBuildConfiguration;
			buildSettings = {
				ASSETCATALOG_COMPILER_APPICON_NAME = AppIcon;
				ASSETCATALOG_COMPILER_GLOBAL_ACCENT_COLOR_NAME = AccentColor;
				CODE_SIGN_STYLE = Automatic;
				CURRENT_PROJECT_VERSION = 1;
				DEVELOPMENT_TEAM = B4Z5W74G8L;
				GENERATE_INFOPLIST_FILE = YES;
				INFOPLIST_FILE = WeatherApp/Resources/Info.plist;
				INFOPLIST_KEY_UIApplicationSupportsIndirectInputEvents = YES;
				INFOPLIST_KEY_UILaunchStoryboardName = LaunchScreen;
				INFOPLIST_KEY_UIMainStoryboardFile = "";
				INFOPLIST_KEY_UISupportedInterfaceOrientations_iPad = "UIInterfaceOrientationPortrait UIInterfaceOrientationPortraitUpsideDown UIInterfaceOrientationLandscapeLeft UIInterfaceOrientationLandscapeRight";
				INFOPLIST_KEY_UISupportedInterfaceOrientations_iPhone = "UIInterfaceOrientationPortrait UIInterfaceOrientationLandscapeLeft UIInterfaceOrientationLandscapeRight";
				LD_RUNPATH_SEARCH_PATHS = (
					"$(inherited)",
					"@executable_path/Frameworks",
				);
				MARKETING_VERSION = 1.0;
				PRODUCT_BUNDLE_IDENTIFIER = lsh.WeatherApp;
				PRODUCT_NAME = "$(TARGET_NAME)";
				SWIFT_EMIT_LOC_STRINGS = YES;
				SWIFT_VERSION = 5.0;
				TARGETED_DEVICE_FAMILY = "1,2";
			};
			name = Release;
		};
		9701FA702C4B09E600BEA9E8 /* Debug */ = {
			isa = XCBuildConfiguration;
			buildSettings = {
				ALWAYS_EMBED_SWIFT_STANDARD_LIBRARIES = YES;
				BUNDLE_LOADER = "$(TEST_HOST)";
				CODE_SIGN_STYLE = Automatic;
				CURRENT_PROJECT_VERSION = 1;
				DEVELOPMENT_TEAM = B4Z5W74G8L;
				GENERATE_INFOPLIST_FILE = YES;
				IPHONEOS_DEPLOYMENT_TARGET = 17.5;
				MARKETING_VERSION = 1.0;
				PRODUCT_BUNDLE_IDENTIFIER = lsh.WeatherAppTests;
				PRODUCT_NAME = "$(TARGET_NAME)";
				SWIFT_EMIT_LOC_STRINGS = NO;
				SWIFT_VERSION = 5.0;
				TARGETED_DEVICE_FAMILY = "1,2";
				TEST_HOST = "$(BUILT_PRODUCTS_DIR)/WeatherApp.app/$(BUNDLE_EXECUTABLE_FOLDER_PATH)/WeatherApp";
			};
			name = Debug;
		};
		9701FA712C4B09E600BEA9E8 /* Release */ = {
			isa = XCBuildConfiguration;
			buildSettings = {
				ALWAYS_EMBED_SWIFT_STANDARD_LIBRARIES = YES;
				BUNDLE_LOADER = "$(TEST_HOST)";
				CODE_SIGN_STYLE = Automatic;
				CURRENT_PROJECT_VERSION = 1;
				DEVELOPMENT_TEAM = B4Z5W74G8L;
				GENERATE_INFOPLIST_FILE = YES;
				IPHONEOS_DEPLOYMENT_TARGET = 17.5;
				MARKETING_VERSION = 1.0;
				PRODUCT_BUNDLE_IDENTIFIER = lsh.WeatherAppTests;
				PRODUCT_NAME = "$(TARGET_NAME)";
				SWIFT_EMIT_LOC_STRINGS = NO;
				SWIFT_VERSION = 5.0;
				TARGETED_DEVICE_FAMILY = "1,2";
				TEST_HOST = "$(BUILT_PRODUCTS_DIR)/WeatherApp.app/$(BUNDLE_EXECUTABLE_FOLDER_PATH)/WeatherApp";
			};
			name = Release;
		};
/* End XCBuildConfiguration section */

/* Begin XCConfigurationList section */
		9701FA3D2C4B09E500BEA9E8 /* Build configuration list for PBXProject "WeatherApp" */ = {
			isa = XCConfigurationList;
			buildConfigurations = (
				9701FA6A2C4B09E600BEA9E8 /* Debug */,
				9701FA6B2C4B09E600BEA9E8 /* Release */,
			);
			defaultConfigurationIsVisible = 0;
			defaultConfigurationName = Release;
		};
		9701FA6C2C4B09E600BEA9E8 /* Build configuration list for PBXNativeTarget "WeatherApp" */ = {
			isa = XCConfigurationList;
			buildConfigurations = (
				9701FA6D2C4B09E600BEA9E8 /* Debug */,
				9701FA6E2C4B09E600BEA9E8 /* Release */,
			);
			defaultConfigurationIsVisible = 0;
			defaultConfigurationName = Release;
		};
		9701FA6F2C4B09E600BEA9E8 /* Build configuration list for PBXNativeTarget "WeatherAppTests" */ = {
			isa = XCConfigurationList;
			buildConfigurations = (
				9701FA702C4B09E600BEA9E8 /* Debug */,
				9701FA712C4B09E600BEA9E8 /* Release */,
			);
			defaultConfigurationIsVisible = 0;
			defaultConfigurationName = Release;
		};
/* End XCConfigurationList section */
	};
	rootObject = 9701FA3A2C4B09E500BEA9E8 /* Project object */;
}
