// !$*UTF8*$!
{
	archiveVersion = 1;
	classes = {
	};
	objectVersion = 56;
	objects = {

/* Begin PBXBuildFile section */
		9701FA462C4B09E500BEA9E8 /* AppDelegate.swift in Sources */ = {isa = PBXBuildFile; fileRef = 9701FA452C4B09E500BEA9E8 /* AppDelegate.swift */; };
		9701FA4A2C4B09E500BEA9E8 /* SearchCityViewController.swift in Sources */ = {isa = PBXBuildFile; fileRef = 9701FA492C4B09E500BEA9E8 /* SearchCityViewController.swift */; };
		9701FA4F2C4B09E600BEA9E8 /* Assets.xcassets in Resources */ = {isa = PBXBuildFile; fileRef = 9701FA4E2C4B09E600BEA9E8 /* Assets.xcassets */; };
		9701FA522C4B09E600BEA9E8 /* Base in Resources */ = {isa = PBXBuildFile; fileRef = 9701FA512C4B09E600BEA9E8 /* Base */; };
		97269E1A2C4B163300D5540B /* AppFont.swift in Sources */ = {isa = PBXBuildFile; fileRef = 97269E192C4B163300D5540B /* AppFont.swift */; };
		97269E1C2C4B18DD00D5540B /* AppCoordinator.swift in Sources */ = {isa = PBXBuildFile; fileRef = 97269E1B2C4B18DD00D5540B /* AppCoordinator.swift */; };
		97269E1E2C4B19B300D5540B /* SearchCityViewModel.swift in Sources */ = {isa = PBXBuildFile; fileRef = 97269E1D2C4B19B300D5540B /* SearchCityViewModel.swift */; };
		97269E202C4B1AB400D5540B /* WeatherDetailsViewController.swift in Sources */ = {isa = PBXBuildFile; fileRef = 97269E1F2C4B1AB400D5540B /* WeatherDetailsViewController.swift */; };
		97269E222C4B1ACE00D5540B /* WeatherDetailsViewModel.swift in Sources */ = {isa = PBXBuildFile; fileRef = 97269E212C4B1ACE00D5540B /* WeatherDetailsViewModel.swift */; };
		97269E272C4BF4BA00D5540B /* SearchCityTextField.swift in Sources */ = {isa = PBXBuildFile; fileRef = 97269E262C4BF4BA00D5540B /* SearchCityTextField.swift */; };
		97269E2A2C4C1A9000D5540B /* UIViewController+Extension.swift in Sources */ = {isa = PBXBuildFile; fileRef = 97269E292C4C1A9000D5540B /* UIViewController+Extension.swift */; };
		97269E2C2C4C1D9800D5540B /* SearchCityTextFieldValidator.swift in Sources */ = {isa = PBXBuildFile; fileRef = 97269E2B2C4C1D9800D5540B /* SearchCityTextFieldValidator.swift */; };
		97269E2F2C4C1F4300D5540B /* Publisher+Extension.swift in Sources */ = {isa = PBXBuildFile; fileRef = 97269E2E2C4C1F4300D5540B /* Publisher+Extension.swift */; };
		97269E332C4C1FB600D5540B /* APIClient.swift in Sources */ = {isa = PBXBuildFile; fileRef = 97269E322C4C1FB600D5540B /* APIClient.swift */; };
		97269E352C4C1FD600D5540B /* Endpoint.swift in Sources */ = {isa = PBXBuildFile; fileRef = 97269E342C4C1FD600D5540B /* Endpoint.swift */; };
		97269E372C4C1FE600D5540B /* HTTPRequestMethod.swift in Sources */ = {isa = PBXBuildFile; fileRef = 97269E362C4C1FE600D5540B /* HTTPRequestMethod.swift */; };
		97269E3A2C4C206700D5540B /* CitiesSearchEndpoint.swift in Sources */ = {isa = PBXBuildFile; fileRef = 97269E392C4C206700D5540B /* CitiesSearchEndpoint.swift */; };
		97269E3D2C4C20A500D5540B /* CityDto.swift in Sources */ = {isa = PBXBuildFile; fileRef = 97269E3C2C4C20A500D5540B /* CityDto.swift */; };
		97269E3F2C4C319900D5540B /* WeatherDetailsEndpoint.swift in Sources */ = {isa = PBXBuildFile; fileRef = 97269E3E2C4C319900D5540B /* WeatherDetailsEndpoint.swift */; };
		97269E412C4C39D400D5540B /* WeatherDetailsDto.swift in Sources */ = {isa = PBXBuildFile; fileRef = 97269E402C4C39D400D5540B /* WeatherDetailsDto.swift */; };
		97269E432C4C3F0300D5540B /* WeatherAPIService.swift in Sources */ = {isa = PBXBuildFile; fileRef = 97269E422C4C3F0300D5540B /* WeatherAPIService.swift */; };
		97269E452C4C40BB00D5540B /* DependecyContainer.swift in Sources */ = {isa = PBXBuildFile; fileRef = 97269E442C4C40BB00D5540B /* DependecyContainer.swift */; };
		97269E472C4C5DC900D5540B /* LocalizedNameDto.swift in Sources */ = {isa = PBXBuildFile; fileRef = 97269E462C4C5DC900D5540B /* LocalizedNameDto.swift */; };
		97269E4B2C4C5E1000D5540B /* WindDto.swift in Sources */ = {isa = PBXBuildFile; fileRef = 97269E4A2C4C5E1000D5540B /* WindDto.swift */; };
		97269E4D2C4C5E2300D5540B /* MeasureDto.swift in Sources */ = {isa = PBXBuildFile; fileRef = 97269E4C2C4C5E2300D5540B /* MeasureDto.swift */; };
		97269E4F2C4C5E4000D5540B /* DirectionDto.swift in Sources */ = {isa = PBXBuildFile; fileRef = 97269E4E2C4C5E4000D5540B /* DirectionDto.swift */; };
		97269E512C4C5E5900D5540B /* UnitDto.swift in Sources */ = {isa = PBXBuildFile; fileRef = 97269E502C4C5E5900D5540B /* UnitDto.swift */; };
		97269E542C4C5E9400D5540B /* City.swift in Sources */ = {isa = PBXBuildFile; fileRef = 97269E532C4C5E9400D5540B /* City.swift */; };
		97269E582C4C5EEB00D5540B /* WeatherDetails.swift in Sources */ = {isa = PBXBuildFile; fileRef = 97269E572C4C5EEB00D5540B /* WeatherDetails.swift */; };
		97269E5A2C4C5F2800D5540B /* Wind.swift in Sources */ = {isa = PBXBuildFile; fileRef = 97269E592C4C5F2800D5540B /* Wind.swift */; };
		97269E5C2C4C5F3600D5540B /* Measure.swift in Sources */ = {isa = PBXBuildFile; fileRef = 97269E5B2C4C5F3600D5540B /* Measure.swift */; };
		97269E5E2C4C5F8000D5540B /* Unit.swift in Sources */ = {isa = PBXBuildFile; fileRef = 97269E5D2C4C5F8000D5540B /* Unit.swift */; };
		97269E602C4C5FA500D5540B /* Direction.swift in Sources */ = {isa = PBXBuildFile; fileRef = 97269E5F2C4C5FA500D5540B /* Direction.swift */; };
		97269E652C4C6A1A00D5540B /* Bundle+Extension.swift in Sources */ = {isa = PBXBuildFile; fileRef = 97269E642C4C6A1A00D5540B /* Bundle+Extension.swift */; };
		97269E692C4C742700D5540B /* Config.swift in Sources */ = {isa = PBXBuildFile; fileRef = 97269E682C4C742700D5540B /* Config.swift */; };
		974FE98E2C4C82CA00DA2E65 /* SearchCityCell.swift in Sources */ = {isa = PBXBuildFile; fileRef = 974FE98D2C4C82CA00DA2E65 /* SearchCityCell.swift */; };
		9753B3C12C4CF6D700C8F6AE /* ReuseIdentifier.swift in Sources */ = {isa = PBXBuildFile; fileRef = 9753B3C02C4CF6D700C8F6AE /* ReuseIdentifier.swift */; };
		9753B3C52C4D012B00C8F6AE /* SearchCityEmptyResultCell.swift in Sources */ = {isa = PBXBuildFile; fileRef = 9753B3C42C4D012B00C8F6AE /* SearchCityEmptyResultCell.swift */; };
		9753B3C72C4D36C100C8F6AE /* SearchCityBarView.swift in Sources */ = {isa = PBXBuildFile; fileRef = 9753B3C62C4D36C100C8F6AE /* SearchCityBarView.swift */; };
		97545C212C50270000055EEE /* WeatherDetailsHeaderView.swift in Sources */ = {isa = PBXBuildFile; fileRef = 97545C202C50270000055EEE /* WeatherDetailsHeaderView.swift */; };
		97545C232C50301200055EEE /* WeatherIconManager.swift in Sources */ = {isa = PBXBuildFile; fileRef = 97545C222C50301200055EEE /* WeatherIconManager.swift */; };
		97545C252C50368B00055EEE /* WeatherDetailsHeaderModel.swift in Sources */ = {isa = PBXBuildFile; fileRef = 97545C242C50368B00055EEE /* WeatherDetailsHeaderModel.swift */; };
		97545C272C5041F300055EEE /* WeatherDetailsInfoView.swift in Sources */ = {isa = PBXBuildFile; fileRef = 97545C262C5041F300055EEE /* WeatherDetailsInfoView.swift */; };
		97545C292C50441100055EEE /* WeatherDetailsInfoCell.swift in Sources */ = {isa = PBXBuildFile; fileRef = 97545C282C50441100055EEE /* WeatherDetailsInfoCell.swift */; };
		97545C2B2C50503E00055EEE /* WeatherDetailsInfoModel.swift in Sources */ = {isa = PBXBuildFile; fileRef = 97545C2A2C50503E00055EEE /* WeatherDetailsInfoModel.swift */; };
		97545C2D2C50557C00055EEE /* TemperatureState.swift in Sources */ = {isa = PBXBuildFile; fileRef = 97545C2C2C50557C00055EEE /* TemperatureState.swift */; };
		97545C302C50589800055EEE /* AppError.swift in Sources */ = {isa = PBXBuildFile; fileRef = 97545C2F2C50589800055EEE /* AppError.swift */; };
		97545C322C5058E000055EEE /* ErrorResponse.swift in Sources */ = {isa = PBXBuildFile; fileRef = 97545C312C5058E000055EEE /* ErrorResponse.swift */; };
		97545C3A2C50632B00055EEE /* Inter-Bold.ttf in Resources */ = {isa = PBXBuildFile; fileRef = 97545C352C50632B00055EEE /* Inter-Bold.ttf */; };
		97545C3B2C50632B00055EEE /* Inter-ExtraLight.ttf in Resources */ = {isa = PBXBuildFile; fileRef = 97545C362C50632B00055EEE /* Inter-ExtraLight.ttf */; };
		97545C3C2C50632B00055EEE /* Inter-Medium.ttf in Resources */ = {isa = PBXBuildFile; fileRef = 97545C372C50632B00055EEE /* Inter-Medium.ttf */; };
		97545C3D2C50632B00055EEE /* Inter-Regular.ttf in Resources */ = {isa = PBXBuildFile; fileRef = 97545C382C50632B00055EEE /* Inter-Regular.ttf */; };
		97BCFF6D2C5197D3007C018E /* Config.xcconfig in Resources */ = {isa = PBXBuildFile; fileRef = 97BCFF6C2C5197D3007C018E /* Config.xcconfig */; };
		97F3E3C12C4B0FB400311743 /* BaseViewController.swift in Sources */ = {isa = PBXBuildFile; fileRef = 97F3E3C02C4B0FB400311743 /* BaseViewController.swift */; };
		97F3E3C32C4B104B00311743 /* BaseView.swift in Sources */ = {isa = PBXBuildFile; fileRef = 97F3E3C22C4B104B00311743 /* BaseView.swift */; };
/* End PBXBuildFile section */

/* Begin PBXFileReference section */
		9701FA422C4B09E500BEA9E8 /* WeatherApp.app */ = {isa = PBXFileReference; explicitFileType = wrapper.application; includeInIndex = 0; path = WeatherApp.app; sourceTree = BUILT_PRODUCTS_DIR; };
		9701FA452C4B09E500BEA9E8 /* AppDelegate.swift */ = {isa = PBXFileReference; lastKnownFileType = sourcecode.swift; path = AppDelegate.swift; sourceTree = "<group>"; };
		9701FA492C4B09E500BEA9E8 /* SearchCityViewController.swift */ = {isa = PBXFileReference; lastKnownFileType = sourcecode.swift; path = SearchCityViewController.swift; sourceTree = "<group>"; };
		9701FA4E2C4B09E600BEA9E8 /* Assets.xcassets */ = {isa = PBXFileReference; lastKnownFileType = folder.assetcatalog; path = Assets.xcassets; sourceTree = "<group>"; };
		9701FA512C4B09E600BEA9E8 /* Base */ = {isa = PBXFileReference; lastKnownFileType = file.storyboard; name = Base; path = Base.lproj/LaunchScreen.storyboard; sourceTree = "<group>"; };
		9701FA532C4B09E600BEA9E8 /* Info.plist */ = {isa = PBXFileReference; lastKnownFileType = text.plist.xml; path = Info.plist; sourceTree = "<group>"; };
		97269E192C4B163300D5540B /* AppFont.swift */ = {isa = PBXFileReference; lastKnownFileType = sourcecode.swift; path = AppFont.swift; sourceTree = "<group>"; };
		97269E1B2C4B18DD00D5540B /* AppCoordinator.swift */ = {isa = PBXFileReference; lastKnownFileType = sourcecode.swift; path = AppCoordinator.swift; sourceTree = "<group>"; };
		97269E1D2C4B19B300D5540B /* SearchCityViewModel.swift */ = {isa = PBXFileReference; lastKnownFileType = sourcecode.swift; path = SearchCityViewModel.swift; sourceTree = "<group>"; };
		97269E1F2C4B1AB400D5540B /* WeatherDetailsViewController.swift */ = {isa = PBXFileReference; lastKnownFileType = sourcecode.swift; path = WeatherDetailsViewController.swift; sourceTree = "<group>"; };
		97269E212C4B1ACE00D5540B /* WeatherDetailsViewModel.swift */ = {isa = PBXFileReference; lastKnownFileType = sourcecode.swift; path = WeatherDetailsViewModel.swift; sourceTree = "<group>"; };
		97269E262C4BF4BA00D5540B /* SearchCityTextField.swift */ = {isa = PBXFileReference; lastKnownFileType = sourcecode.swift; path = SearchCityTextField.swift; sourceTree = "<group>"; };
		97269E292C4C1A9000D5540B /* UIViewController+Extension.swift */ = {isa = PBXFileReference; lastKnownFileType = sourcecode.swift; path = "UIViewController+Extension.swift"; sourceTree = "<group>"; };
		97269E2B2C4C1D9800D5540B /* SearchCityTextFieldValidator.swift */ = {isa = PBXFileReference; lastKnownFileType = sourcecode.swift; path = SearchCityTextFieldValidator.swift; sourceTree = "<group>"; };
		97269E2E2C4C1F4300D5540B /* Publisher+Extension.swift */ = {isa = PBXFileReference; lastKnownFileType = sourcecode.swift; path = "Publisher+Extension.swift"; sourceTree = "<group>"; };
		97269E322C4C1FB600D5540B /* APIClient.swift */ = {isa = PBXFileReference; lastKnownFileType = sourcecode.swift; path = APIClient.swift; sourceTree = "<group>"; };
		97269E342C4C1FD600D5540B /* Endpoint.swift */ = {isa = PBXFileReference; lastKnownFileType = sourcecode.swift; path = Endpoint.swift; sourceTree = "<group>"; };
		97269E362C4C1FE600D5540B /* HTTPRequestMethod.swift */ = {isa = PBXFileReference; lastKnownFileType = sourcecode.swift; path = HTTPRequestMethod.swift; sourceTree = "<group>"; };
		97269E392C4C206700D5540B /* CitiesSearchEndpoint.swift */ = {isa = PBXFileReference; lastKnownFileType = sourcecode.swift; path = CitiesSearchEndpoint.swift; sourceTree = "<group>"; };
		97269E3C2C4C20A500D5540B /* CityDto.swift */ = {isa = PBXFileReference; lastKnownFileType = sourcecode.swift; path = CityDto.swift; sourceTree = "<group>"; };
		97269E3E2C4C319900D5540B /* WeatherDetailsEndpoint.swift */ = {isa = PBXFileReference; lastKnownFileType = sourcecode.swift; path = WeatherDetailsEndpoint.swift; sourceTree = "<group>"; };
		97269E402C4C39D400D5540B /* WeatherDetailsDto.swift */ = {isa = PBXFileReference; lastKnownFileType = sourcecode.swift; path = WeatherDetailsDto.swift; sourceTree = "<group>"; };
		97269E422C4C3F0300D5540B /* WeatherAPIService.swift */ = {isa = PBXFileReference; lastKnownFileType = sourcecode.swift; path = WeatherAPIService.swift; sourceTree = "<group>"; };
		97269E442C4C40BB00D5540B /* DependecyContainer.swift */ = {isa = PBXFileReference; lastKnownFileType = sourcecode.swift; path = DependecyContainer.swift; sourceTree = "<group>"; };
		97269E462C4C5DC900D5540B /* LocalizedNameDto.swift */ = {isa = PBXFileReference; lastKnownFileType = sourcecode.swift; path = LocalizedNameDto.swift; sourceTree = "<group>"; };
		97269E4A2C4C5E1000D5540B /* WindDto.swift */ = {isa = PBXFileReference; lastKnownFileType = sourcecode.swift; path = WindDto.swift; sourceTree = "<group>"; };
		97269E4C2C4C5E2300D5540B /* MeasureDto.swift */ = {isa = PBXFileReference; lastKnownFileType = sourcecode.swift; path = MeasureDto.swift; sourceTree = "<group>"; };
		97269E4E2C4C5E4000D5540B /* DirectionDto.swift */ = {isa = PBXFileReference; lastKnownFileType = sourcecode.swift; path = DirectionDto.swift; sourceTree = "<group>"; };
		97269E502C4C5E5900D5540B /* UnitDto.swift */ = {isa = PBXFileReference; lastKnownFileType = sourcecode.swift; path = UnitDto.swift; sourceTree = "<group>"; };
		97269E532C4C5E9400D5540B /* City.swift */ = {isa = PBXFileReference; lastKnownFileType = sourcecode.swift; path = City.swift; sourceTree = "<group>"; };
		97269E572C4C5EEB00D5540B /* WeatherDetails.swift */ = {isa = PBXFileReference; lastKnownFileType = sourcecode.swift; path = WeatherDetails.swift; sourceTree = "<group>"; };
		97269E592C4C5F2800D5540B /* Wind.swift */ = {isa = PBXFileReference; lastKnownFileType = sourcecode.swift; path = Wind.swift; sourceTree = "<group>"; };
		97269E5B2C4C5F3600D5540B /* Measure.swift */ = {isa = PBXFileReference; lastKnownFileType = sourcecode.swift; path = Measure.swift; sourceTree = "<group>"; };
		97269E5D2C4C5F8000D5540B /* Unit.swift */ = {isa = PBXFileReference; lastKnownFileType = sourcecode.swift; path = Unit.swift; sourceTree = "<group>"; };
		97269E5F2C4C5FA500D5540B /* Direction.swift */ = {isa = PBXFileReference; lastKnownFileType = sourcecode.swift; path = Direction.swift; sourceTree = "<group>"; };
		97269E642C4C6A1A00D5540B /* Bundle+Extension.swift */ = {isa = PBXFileReference; lastKnownFileType = sourcecode.swift; path = "Bundle+Extension.swift"; sourceTree = "<group>"; };
		97269E682C4C742700D5540B /* Config.swift */ = {isa = PBXFileReference; lastKnownFileType = sourcecode.swift; path = Config.swift; sourceTree = "<group>"; };
		974FE98D2C4C82CA00DA2E65 /* SearchCityCell.swift */ = {isa = PBXFileReference; lastKnownFileType = sourcecode.swift; path = SearchCityCell.swift; sourceTree = "<group>"; };
		9753B3C02C4CF6D700C8F6AE /* ReuseIdentifier.swift */ = {isa = PBXFileReference; lastKnownFileType = sourcecode.swift; path = ReuseIdentifier.swift; sourceTree = "<group>"; };
		9753B3C42C4D012B00C8F6AE /* SearchCityEmptyResultCell.swift */ = {isa = PBXFileReference; lastKnownFileType = sourcecode.swift; path = SearchCityEmptyResultCell.swift; sourceTree = "<group>"; };
		9753B3C62C4D36C100C8F6AE /* SearchCityBarView.swift */ = {isa = PBXFileReference; lastKnownFileType = sourcecode.swift; path = SearchCityBarView.swift; sourceTree = "<group>"; };
		97545C202C50270000055EEE /* WeatherDetailsHeaderView.swift */ = {isa = PBXFileReference; lastKnownFileType = sourcecode.swift; path = WeatherDetailsHeaderView.swift; sourceTree = "<group>"; };
		97545C222C50301200055EEE /* WeatherIconManager.swift */ = {isa = PBXFileReference; lastKnownFileType = sourcecode.swift; path = WeatherIconManager.swift; sourceTree = "<group>"; };
		97545C242C50368B00055EEE /* WeatherDetailsHeaderModel.swift */ = {isa = PBXFileReference; lastKnownFileType = sourcecode.swift; path = WeatherDetailsHeaderModel.swift; sourceTree = "<group>"; };
		97545C262C5041F300055EEE /* WeatherDetailsInfoView.swift */ = {isa = PBXFileReference; lastKnownFileType = sourcecode.swift; path = WeatherDetailsInfoView.swift; sourceTree = "<group>"; };
		97545C282C50441100055EEE /* WeatherDetailsInfoCell.swift */ = {isa = PBXFileReference; lastKnownFileType = sourcecode.swift; path = WeatherDetailsInfoCell.swift; sourceTree = "<group>"; };
		97545C2A2C50503E00055EEE /* WeatherDetailsInfoModel.swift */ = {isa = PBXFileReference; lastKnownFileType = sourcecode.swift; path = WeatherDetailsInfoModel.swift; sourceTree = "<group>"; };
		97545C2C2C50557C00055EEE /* TemperatureState.swift */ = {isa = PBXFileReference; lastKnownFileType = sourcecode.swift; path = TemperatureState.swift; sourceTree = "<group>"; };
		97545C2F2C50589800055EEE /* AppError.swift */ = {isa = PBXFileReference; lastKnownFileType = sourcecode.swift; path = AppError.swift; sourceTree = "<group>"; };
		97545C312C5058E000055EEE /* ErrorResponse.swift */ = {isa = PBXFileReference; lastKnownFileType = sourcecode.swift; path = ErrorResponse.swift; sourceTree = "<group>"; };
		97545C352C50632B00055EEE /* Inter-Bold.ttf */ = {isa = PBXFileReference; lastKnownFileType = file; path = "Inter-Bold.ttf"; sourceTree = "<group>"; };
		97545C362C50632B00055EEE /* Inter-ExtraLight.ttf */ = {isa = PBXFileReference; lastKnownFileType = file; path = "Inter-ExtraLight.ttf"; sourceTree = "<group>"; };
		97545C372C50632B00055EEE /* Inter-Medium.ttf */ = {isa = PBXFileReference; lastKnownFileType = file; path = "Inter-Medium.ttf"; sourceTree = "<group>"; };
		97545C382C50632B00055EEE /* Inter-Regular.ttf */ = {isa = PBXFileReference; lastKnownFileType = file; path = "Inter-Regular.ttf"; sourceTree = "<group>"; };
		97BCFF6C2C5197D3007C018E /* Config.xcconfig */ = {isa = PBXFileReference; lastKnownFileType = text.xcconfig; path = Config.xcconfig; sourceTree = "<group>"; };
		97F3E3C02C4B0FB400311743 /* BaseViewController.swift */ = {isa = PBXFileReference; lastKnownFileType = sourcecode.swift; path = BaseViewController.swift; sourceTree = "<group>"; };
		97F3E3C22C4B104B00311743 /* BaseView.swift */ = {isa = PBXFileReference; lastKnownFileType = sourcecode.swift; path = BaseView.swift; sourceTree = "<group>"; };
/* End PBXFileReference section */

/* Begin PBXFrameworksBuildPhase section */
		9701FA3F2C4B09E500BEA9E8 /* Frameworks */ = {
			isa = PBXFrameworksBuildPhase;
			buildActionMask = 2147483647;
			files = (
			);
			runOnlyForDeploymentPostprocessing = 0;
		};
/* End PBXFrameworksBuildPhase section */

/* Begin PBXGroup section */
		9701FA392C4B09E500BEA9E8 = {
			isa = PBXGroup;
			children = (
				9701FA442C4B09E500BEA9E8 /* WeatherApp */,
				9701FA432C4B09E500BEA9E8 /* Products */,
			);
			sourceTree = "<group>";
		};
		9701FA432C4B09E500BEA9E8 /* Products */ = {
			isa = PBXGroup;
			children = (
				9701FA422C4B09E500BEA9E8 /* WeatherApp.app */,
			);
			name = Products;
			sourceTree = "<group>";
		};
		9701FA442C4B09E500BEA9E8 /* WeatherApp */ = {
			isa = PBXGroup;
			children = (
				9701FA762C4B0C9500BEA9E8 /* App */,
				9701FA772C4B0CA600BEA9E8 /* Features */,
				97269E302C4C1F6300D5540B /* Network */,
				97269E612C4C613D00D5540B /* Services */,
				97F3E3BF2C4B0F6200311743 /* Core */,
				9701FA752C4B0A9400BEA9E8 /* Resources */,
			);
			path = WeatherApp;
			sourceTree = "<group>";
		};
		9701FA752C4B0A9400BEA9E8 /* Resources */ = {
			isa = PBXGroup;
			children = (
				97545C392C50632B00055EEE /* Fonts */,
				9701FA4E2C4B09E600BEA9E8 /* Assets.xcassets */,
				9701FA502C4B09E600BEA9E8 /* LaunchScreen.storyboard */,
				9701FA532C4B09E600BEA9E8 /* Info.plist */,
				97BCFF6C2C5197D3007C018E /* Config.xcconfig */,
			);
			path = Resources;
			sourceTree = "<group>";
		};
		9701FA762C4B0C9500BEA9E8 /* App */ = {
			isa = PBXGroup;
			children = (
				9701FA452C4B09E500BEA9E8 /* AppDelegate.swift */,
				97269E192C4B163300D5540B /* AppFont.swift */,
				97269E1B2C4B18DD00D5540B /* AppCoordinator.swift */,
				97269E442C4C40BB00D5540B /* DependecyContainer.swift */,
				97545C2F2C50589800055EEE /* AppError.swift */,
			);
			path = App;
			sourceTree = "<group>";
		};
		9701FA772C4B0CA600BEA9E8 /* Features */ = {
			isa = PBXGroup;
			children = (
				97269E232C4B1E9E00D5540B /* SearchCity */,
				97269E242C4B1EA900D5540B /* WeatherDetails */,
			);
			path = Features;
			sourceTree = "<group>";
		};
		97269E232C4B1E9E00D5540B /* SearchCity */ = {
			isa = PBXGroup;
			children = (
				9701FA492C4B09E500BEA9E8 /* SearchCityViewController.swift */,
				97269E1D2C4B19B300D5540B /* SearchCityViewModel.swift */,
				9753B3C92C4D4B9600C8F6AE /* SearchBarView */,
				9753B3C82C4D4B7C00C8F6AE /* Cell */,
			);
			path = SearchCity;
			sourceTree = "<group>";
		};
		97269E242C4B1EA900D5540B /* WeatherDetails */ = {
			isa = PBXGroup;
			children = (
				97269E1F2C4B1AB400D5540B /* WeatherDetailsViewController.swift */,
				97269E212C4B1ACE00D5540B /* WeatherDetailsViewModel.swift */,
				97545C2E2C5056F400055EEE /* WeatherDetailsHeader */,
				97545C332C505A9C00055EEE /* WeatherDetailsInfo */,
			);
			path = WeatherDetails;
			sourceTree = "<group>";
		};
		97269E282C4C1A7B00D5540B /* Utils */ = {
			isa = PBXGroup;
			children = (
				97269E292C4C1A9000D5540B /* UIViewController+Extension.swift */,
				97269E2E2C4C1F4300D5540B /* Publisher+Extension.swift */,
				97269E642C4C6A1A00D5540B /* Bundle+Extension.swift */,
				9753B3C02C4CF6D700C8F6AE /* ReuseIdentifier.swift */,
			);
			path = Utils;
			sourceTree = "<group>";
		};
		97269E2D2C4C1DBF00D5540B /* Helpers */ = {
			isa = PBXGroup;
			children = (
				97269E2B2C4C1D9800D5540B /* SearchCityTextFieldValidator.swift */,
				97269E682C4C742700D5540B /* Config.swift */,
			);
			path = Helpers;
			sourceTree = "<group>";
		};
		97269E302C4C1F6300D5540B /* Network */ = {
			isa = PBXGroup;
			children = (
				97269E522C4C5E8000D5540B /* Models */,
				97269E3B2C4C209500D5540B /* DTO */,
				97269E382C4C203100D5540B /* Endpoints */,
				97269E312C4C1FAD00D5540B /* Base */,
			);
			path = Network;
			sourceTree = "<group>";
		};
		97269E312C4C1FAD00D5540B /* Base */ = {
			isa = PBXGroup;
			children = (
				97269E322C4C1FB600D5540B /* APIClient.swift */,
				97269E342C4C1FD600D5540B /* Endpoint.swift */,
				97269E362C4C1FE600D5540B /* HTTPRequestMethod.swift */,
				97545C312C5058E000055EEE /* ErrorResponse.swift */,
			);
			path = Base;
			sourceTree = "<group>";
		};
		97269E382C4C203100D5540B /* Endpoints */ = {
			isa = PBXGroup;
			children = (
				97269E392C4C206700D5540B /* CitiesSearchEndpoint.swift */,
				97269E3E2C4C319900D5540B /* WeatherDetailsEndpoint.swift */,
			);
			path = Endpoints;
			sourceTree = "<group>";
		};
		97269E3B2C4C209500D5540B /* DTO */ = {
			isa = PBXGroup;
			children = (
				97269E482C4C5DF300D5540B /* City */,
				97269E492C4C5DFB00D5540B /* Weather */,
			);
			path = DTO;
			sourceTree = "<group>";
		};
		97269E482C4C5DF300D5540B /* City */ = {
			isa = PBXGroup;
			children = (
				97269E3C2C4C20A500D5540B /* CityDto.swift */,
				97269E462C4C5DC900D5540B /* LocalizedNameDto.swift */,
			);
			path = City;
			sourceTree = "<group>";
		};
		97269E492C4C5DFB00D5540B /* Weather */ = {
			isa = PBXGroup;
			children = (
				97269E402C4C39D400D5540B /* WeatherDetailsDto.swift */,
				97269E4A2C4C5E1000D5540B /* WindDto.swift */,
				97269E4C2C4C5E2300D5540B /* MeasureDto.swift */,
				97269E4E2C4C5E4000D5540B /* DirectionDto.swift */,
				97269E502C4C5E5900D5540B /* UnitDto.swift */,
			);
			path = Weather;
			sourceTree = "<group>";
		};
		97269E522C4C5E8000D5540B /* Models */ = {
			isa = PBXGroup;
			children = (
				97269E562C4C5EDD00D5540B /* Weather */,
				97269E552C4C5ED500D5540B /* City */,
			);
			path = Models;
			sourceTree = "<group>";
		};
		97269E552C4C5ED500D5540B /* City */ = {
			isa = PBXGroup;
			children = (
				97269E532C4C5E9400D5540B /* City.swift */,
			);
			path = City;
			sourceTree = "<group>";
		};
		97269E562C4C5EDD00D5540B /* Weather */ = {
			isa = PBXGroup;
			children = (
				97269E572C4C5EEB00D5540B /* WeatherDetails.swift */,
				97269E592C4C5F2800D5540B /* Wind.swift */,
				97269E5B2C4C5F3600D5540B /* Measure.swift */,
				97269E5D2C4C5F8000D5540B /* Unit.swift */,
				97269E5F2C4C5FA500D5540B /* Direction.swift */,
			);
			path = Weather;
			sourceTree = "<group>";
		};
		97269E612C4C613D00D5540B /* Services */ = {
			isa = PBXGroup;
			children = (
				97269E422C4C3F0300D5540B /* WeatherAPIService.swift */,
				97545C222C50301200055EEE /* WeatherIconManager.swift */,
			);
			path = Services;
			sourceTree = "<group>";
		};
		9753B3C82C4D4B7C00C8F6AE /* Cell */ = {
			isa = PBXGroup;
			children = (
				974FE98D2C4C82CA00DA2E65 /* SearchCityCell.swift */,
				9753B3C42C4D012B00C8F6AE /* SearchCityEmptyResultCell.swift */,
			);
			path = Cell;
			sourceTree = "<group>";
		};
		9753B3C92C4D4B9600C8F6AE /* SearchBarView */ = {
			isa = PBXGroup;
			children = (
				97269E262C4BF4BA00D5540B /* SearchCityTextField.swift */,
				9753B3C62C4D36C100C8F6AE /* SearchCityBarView.swift */,
			);
			path = SearchBarView;
			sourceTree = "<group>";
		};
		97545C2E2C5056F400055EEE /* WeatherDetailsHeader */ = {
			isa = PBXGroup;
			children = (
				97545C2C2C50557C00055EEE /* TemperatureState.swift */,
				97545C202C50270000055EEE /* WeatherDetailsHeaderView.swift */,
				97545C242C50368B00055EEE /* WeatherDetailsHeaderModel.swift */,
			);
			path = WeatherDetailsHeader;
			sourceTree = "<group>";
		};
		97545C332C505A9C00055EEE /* WeatherDetailsInfo */ = {
			isa = PBXGroup;
			children = (
				97545C262C5041F300055EEE /* WeatherDetailsInfoView.swift */,
				97545C282C50441100055EEE /* WeatherDetailsInfoCell.swift */,
				97545C2A2C50503E00055EEE /* WeatherDetailsInfoModel.swift */,
			);
			path = WeatherDetailsInfo;
			sourceTree = "<group>";
		};
		97545C392C50632B00055EEE /* Fonts */ = {
			isa = PBXGroup;
			children = (
				97545C352C50632B00055EEE /* Inter-Bold.ttf */,
				97545C362C50632B00055EEE /* Inter-ExtraLight.ttf */,
				97545C372C50632B00055EEE /* Inter-Medium.ttf */,
				97545C382C50632B00055EEE /* Inter-Regular.ttf */,
			);
			path = Fonts;
			sourceTree = "<group>";
		};
		97F3E3BF2C4B0F6200311743 /* Core */ = {
			isa = PBXGroup;
			children = (
				97269E282C4C1A7B00D5540B /* Utils */,
				97F3E3C42C4B109F00311743 /* Base */,
				97269E2D2C4C1DBF00D5540B /* Helpers */,
			);
			path = Core;
			sourceTree = "<group>";
		};
		97F3E3C42C4B109F00311743 /* Base */ = {
			isa = PBXGroup;
			children = (
				97F3E3C02C4B0FB400311743 /* BaseViewController.swift */,
				97F3E3C22C4B104B00311743 /* BaseView.swift */,
			);
			path = Base;
			sourceTree = "<group>";
		};
/* End PBXGroup section */

/* Begin PBXNativeTarget section */
		9701FA412C4B09E500BEA9E8 /* WeatherApp */ = {
			isa = PBXNativeTarget;
			buildConfigurationList = 9701FA6C2C4B09E600BEA9E8 /* Build configuration list for PBXNativeTarget "WeatherApp" */;
			buildPhases = (
				9701FA3E2C4B09E500BEA9E8 /* Sources */,
				9701FA3F2C4B09E500BEA9E8 /* Frameworks */,
				9701FA402C4B09E500BEA9E8 /* Resources */,
			);
			buildRules = (
			);
			dependencies = (
			);
			name = WeatherApp;
			productName = WeatherApp;
			productReference = 9701FA422C4B09E500BEA9E8 /* WeatherApp.app */;
			productType = "com.apple.product-type.application";
		};
/* End PBXNativeTarget section */

/* Begin PBXProject section */
		9701FA3A2C4B09E500BEA9E8 /* Project object */ = {
			isa = PBXProject;
			attributes = {
				BuildIndependentTargetsInParallel = 1;
				LastSwiftUpdateCheck = 1540;
				LastUpgradeCheck = 1540;
				TargetAttributes = {
					9701FA412C4B09E500BEA9E8 = {
						CreatedOnToolsVersion = 15.4;
					};
				};
			};
			buildConfigurationList = 9701FA3D2C4B09E500BEA9E8 /* Build configuration list for PBXProject "WeatherApp" */;
			compatibilityVersion = "Xcode 14.0";
			developmentRegion = en;
			hasScannedForEncodings = 0;
			knownRegions = (
				en,
				Base,
			);
			mainGroup = 9701FA392C4B09E500BEA9E8;
			productRefGroup = 9701FA432C4B09E500BEA9E8 /* Products */;
			projectDirPath = "";
			projectRoot = "";
			targets = (
				9701FA412C4B09E500BEA9E8 /* WeatherApp */,
			);
		};
/* End PBXProject section */

/* Begin PBXResourcesBuildPhase section */
		9701FA402C4B09E500BEA9E8 /* Resources */ = {
			isa = PBXResourcesBuildPhase;
			buildActionMask = 2147483647;
			files = (
				9701FA4F2C4B09E600BEA9E8 /* Assets.xcassets in Resources */,
				97545C3B2C50632B00055EEE /* Inter-ExtraLight.ttf in Resources */,
				97545C3C2C50632B00055EEE /* Inter-Medium.ttf in Resources */,
				9701FA522C4B09E600BEA9E8 /* Base in Resources */,
				97BCFF6D2C5197D3007C018E /* Config.xcconfig in Resources */,
				97545C3A2C50632B00055EEE /* Inter-Bold.ttf in Resources */,
				97545C3D2C50632B00055EEE /* Inter-Regular.ttf in Resources */,
			);
			runOnlyForDeploymentPostprocessing = 0;
		};
/* End PBXResourcesBuildPhase section */

/* Begin PBXSourcesBuildPhase section */
		9701FA3E2C4B09E500BEA9E8 /* Sources */ = {
			isa = PBXSourcesBuildPhase;
			buildActionMask = 2147483647;
			files = (
				97269E3D2C4C20A500D5540B /* CityDto.swift in Sources */,
				97269E652C4C6A1A00D5540B /* Bundle+Extension.swift in Sources */,
				97269E582C4C5EEB00D5540B /* WeatherDetails.swift in Sources */,
				97545C302C50589800055EEE /* AppError.swift in Sources */,
				97269E692C4C742700D5540B /* Config.swift in Sources */,
				97269E4B2C4C5E1000D5540B /* WindDto.swift in Sources */,
				97269E5C2C4C5F3600D5540B /* Measure.swift in Sources */,
				97545C2B2C50503E00055EEE /* WeatherDetailsInfoModel.swift in Sources */,
				97269E1C2C4B18DD00D5540B /* AppCoordinator.swift in Sources */,
				97545C272C5041F300055EEE /* WeatherDetailsInfoView.swift in Sources */,
				97269E5E2C4C5F8000D5540B /* Unit.swift in Sources */,
				97269E332C4C1FB600D5540B /* APIClient.swift in Sources */,
				97269E4D2C4C5E2300D5540B /* MeasureDto.swift in Sources */,
				97269E2A2C4C1A9000D5540B /* UIViewController+Extension.swift in Sources */,
				97269E542C4C5E9400D5540B /* City.swift in Sources */,
				97545C292C50441100055EEE /* WeatherDetailsInfoCell.swift in Sources */,
				97269E472C4C5DC900D5540B /* LocalizedNameDto.swift in Sources */,
				97269E2F2C4C1F4300D5540B /* Publisher+Extension.swift in Sources */,
				97269E352C4C1FD600D5540B /* Endpoint.swift in Sources */,
				97545C252C50368B00055EEE /* WeatherDetailsHeaderModel.swift in Sources */,
				97269E5A2C4C5F2800D5540B /* Wind.swift in Sources */,
				97269E3F2C4C319900D5540B /* WeatherDetailsEndpoint.swift in Sources */,
				9701FA4A2C4B09E500BEA9E8 /* SearchCityViewController.swift in Sources */,
				97269E202C4B1AB400D5540B /* WeatherDetailsViewController.swift in Sources */,
				97545C212C50270000055EEE /* WeatherDetailsHeaderView.swift in Sources */,
				97269E602C4C5FA500D5540B /* Direction.swift in Sources */,
				9753B3C12C4CF6D700C8F6AE /* ReuseIdentifier.swift in Sources */,
				9753B3C72C4D36C100C8F6AE /* SearchCityBarView.swift in Sources */,
				97269E1A2C4B163300D5540B /* AppFont.swift in Sources */,
				97269E512C4C5E5900D5540B /* UnitDto.swift in Sources */,
				97269E1E2C4B19B300D5540B /* SearchCityViewModel.swift in Sources */,
				97269E412C4C39D400D5540B /* WeatherDetailsDto.swift in Sources */,
				97269E3A2C4C206700D5540B /* CitiesSearchEndpoint.swift in Sources */,
				97545C2D2C50557C00055EEE /* TemperatureState.swift in Sources */,
				97269E432C4C3F0300D5540B /* WeatherAPIService.swift in Sources */,
				97269E272C4BF4BA00D5540B /* SearchCityTextField.swift in Sources */,
				97269E222C4B1ACE00D5540B /* WeatherDetailsViewModel.swift in Sources */,
				97269E4F2C4C5E4000D5540B /* DirectionDto.swift in Sources */,
				9701FA462C4B09E500BEA9E8 /* AppDelegate.swift in Sources */,
				97545C322C5058E000055EEE /* ErrorResponse.swift in Sources */,
				97269E372C4C1FE600D5540B /* HTTPRequestMethod.swift in Sources */,
				97545C232C50301200055EEE /* WeatherIconManager.swift in Sources */,
				97F3E3C12C4B0FB400311743 /* BaseViewController.swift in Sources */,
				97269E2C2C4C1D9800D5540B /* SearchCityTextFieldValidator.swift in Sources */,
				9753B3C52C4D012B00C8F6AE /* SearchCityEmptyResultCell.swift in Sources */,
				97F3E3C32C4B104B00311743 /* BaseView.swift in Sources */,
				974FE98E2C4C82CA00DA2E65 /* SearchCityCell.swift in Sources */,
				97269E452C4C40BB00D5540B /* DependecyContainer.swift in Sources */,
			);
			runOnlyForDeploymentPostprocessing = 0;
		};
/* End PBXSourcesBuildPhase section */

/* Begin PBXVariantGroup section */
		9701FA502C4B09E600BEA9E8 /* LaunchScreen.storyboard */ = {
			isa = PBXVariantGroup;
			children = (
				9701FA512C4B09E600BEA9E8 /* Base */,
			);
			name = LaunchScreen.storyboard;
			sourceTree = "<group>";
		};
/* End PBXVariantGroup section */

/* Begin XCBuildConfiguration section */
		9701FA6A2C4B09E600BEA9E8 /* Debug */ = {
			isa = XCBuildConfiguration;
			baseConfigurationReference = 97BCFF6C2C5197D3007C018E /* Config.xcconfig */;
			buildSettings = {
				ALWAYS_SEARCH_USER_PATHS = NO;
				ASSETCATALOG_COMPILER_GENERATE_SWIFT_ASSET_SYMBOL_EXTENSIONS = YES;
				CLANG_ANALYZER_NONNULL = YES;
				CLANG_ANALYZER_NUMBER_OBJECT_CONVERSION = YES_AGGRESSIVE;
				CLANG_CXX_LANGUAGE_STANDARD = "gnu++20";
				CLANG_ENABLE_MODULES = YES;
				CLANG_ENABLE_OBJC_ARC = YES;
				CLANG_ENABLE_OBJC_WEAK = YES;
				CLANG_WARN_BLOCK_CAPTURE_AUTORELEASING = YES;
				CLANG_WARN_BOOL_CONVERSION = YES;
				CLANG_WARN_COMMA = YES;
				CLANG_WARN_CONSTANT_CONVERSION = YES;
				CLANG_WARN_DEPRECATED_OBJC_IMPLEMENTATIONS = YES;
				CLANG_WARN_DIRECT_OBJC_ISA_USAGE = YES_ERROR;
				CLANG_WARN_DOCUMENTATION_COMMENTS = YES;
				CLANG_WARN_EMPTY_BODY = YES;
				CLANG_WARN_ENUM_CONVERSION = YES;
				CLANG_WARN_INFINITE_RECURSION = YES;
				CLANG_WARN_INT_CONVERSION = YES;
				CLANG_WARN_NON_LITERAL_NULL_CONVERSION = YES;
				CLANG_WARN_OBJC_IMPLICIT_RETAIN_SELF = YES;
				CLANG_WARN_OBJC_LITERAL_CONVERSION = YES;
				CLANG_WARN_OBJC_ROOT_CLASS = YES_ERROR;
				CLANG_WARN_QUOTED_INCLUDE_IN_FRAMEWORK_HEADER = YES;
				CLANG_WARN_RANGE_LOOP_ANALYSIS = YES;
				CLANG_WARN_STRICT_PROTOTYPES = YES;
				CLANG_WARN_SUSPICIOUS_MOVE = YES;
				CLANG_WARN_UNGUARDED_AVAILABILITY = YES_AGGRESSIVE;
				CLANG_WARN_UNREACHABLE_CODE = YES;
				CLANG_WARN__DUPLICATE_METHOD_MATCH = YES;
				COPY_PHASE_STRIP = NO;
				DEBUG_INFORMATION_FORMAT = dwarf;
				ENABLE_STRICT_OBJC_MSGSEND = YES;
				ENABLE_TESTABILITY = YES;
				ENABLE_USER_SCRIPT_SANDBOXING = YES;
				GCC_C_LANGUAGE_STANDARD = gnu17;
				GCC_DYNAMIC_NO_PIC = NO;
				GCC_NO_COMMON_BLOCKS = YES;
				GCC_OPTIMIZATION_LEVEL = 0;
				GCC_PREPROCESSOR_DEFINITIONS = (
					"DEBUG=1",
					"$(inherited)",
				);
				GCC_WARN_64_TO_32_BIT_CONVERSION = YES;
				GCC_WARN_ABOUT_RETURN_TYPE = YES_ERROR;
				GCC_WARN_UNDECLARED_SELECTOR = YES;
				GCC_WARN_UNINITIALIZED_AUTOS = YES_AGGRESSIVE;
				GCC_WARN_UNUSED_FUNCTION = YES;
				GCC_WARN_UNUSED_VARIABLE = YES;
				INFOPLIST_FILE = WeatherApp/Resources/Info.plist;
				IPHONEOS_DEPLOYMENT_TARGET = 17.5;
				LOCALIZATION_PREFERS_STRING_CATALOGS = YES;
				MTL_ENABLE_DEBUG_INFO = INCLUDE_SOURCE;
				MTL_FAST_MATH = YES;
				ONLY_ACTIVE_ARCH = YES;
				SDKROOT = iphoneos;
				SWIFT_ACTIVE_COMPILATION_CONDITIONS = "DEBUG $(inherited)";
				SWIFT_OPTIMIZATION_LEVEL = "-Onone";
			};
			name = Debug;
		};
		9701FA6B2C4B09E600BEA9E8 /* Release */ = {
			isa = XCBuildConfiguration;
			baseConfigurationReference = 97BCFF6C2C5197D3007C018E /* Config.xcconfig */;
			buildSettings = {
				ALWAYS_SEARCH_USER_PATHS = NO;
				ASSETCATALOG_COMPILER_GENERATE_SWIFT_ASSET_SYMBOL_EXTENSIONS = YES;
				CLANG_ANALYZER_NONNULL = YES;
				CLANG_ANALYZER_NUMBER_OBJECT_CONVERSION = YES_AGGRESSIVE;
				CLANG_CXX_LANGUAGE_STANDARD = "gnu++20";
				CLANG_ENABLE_MODULES = YES;
				CLANG_ENABLE_OBJC_ARC = YES;
				CLANG_ENABLE_OBJC_WEAK = YES;
				CLANG_WARN_BLOCK_CAPTURE_AUTORELEASING = YES;
				CLANG_WARN_BOOL_CONVERSION = YES;
				CLANG_WARN_COMMA = YES;
				CLANG_WARN_CONSTANT_CONVERSION = YES;
				CLANG_WARN_DEPRECATED_OBJC_IMPLEMENTATIONS = YES;
				CLANG_WARN_DIRECT_OBJC_ISA_USAGE = YES_ERROR;
				CLANG_WARN_DOCUMENTATION_COMMENTS = YES;
				CLANG_WARN_EMPTY_BODY = YES;
				CLANG_WARN_ENUM_CONVERSION = YES;
				CLANG_WARN_INFINITE_RECURSION = YES;
				CLANG_WARN_INT_CONVERSION = YES;
				CLANG_WARN_NON_LITERAL_NULL_CONVERSION = YES;
				CLANG_WARN_OBJC_IMPLICIT_RETAIN_SELF = YES;
				CLANG_WARN_OBJC_LITERAL_CONVERSION = YES;
				CLANG_WARN_OBJC_ROOT_CLASS = YES_ERROR;
				CLANG_WARN_QUOTED_INCLUDE_IN_FRAMEWORK_HEADER = YES;
				CLANG_WARN_RANGE_LOOP_ANALYSIS = YES;
				CLANG_WARN_STRICT_PROTOTYPES = YES;
				CLANG_WARN_SUSPICIOUS_MOVE = YES;
				CLANG_WARN_UNGUARDED_AVAILABILITY = YES_AGGRESSIVE;
				CLANG_WARN_UNREACHABLE_CODE = YES;
				CLANG_WARN__DUPLICATE_METHOD_MATCH = YES;
				COPY_PHASE_STRIP = NO;
				DEBUG_INFORMATION_FORMAT = "dwarf-with-dsym";
				ENABLE_NS_ASSERTIONS = NO;
				ENABLE_STRICT_OBJC_MSGSEND = YES;
				ENABLE_USER_SCRIPT_SANDBOXING = YES;
				GCC_C_LANGUAGE_STANDARD = gnu17;
				GCC_NO_COMMON_BLOCKS = YES;
				GCC_WARN_64_TO_32_BIT_CONVERSION = YES;
				GCC_WARN_ABOUT_RETURN_TYPE = YES_ERROR;
				GCC_WARN_UNDECLARED_SELECTOR = YES;
				GCC_WARN_UNINITIALIZED_AUTOS = YES_AGGRESSIVE;
				GCC_WARN_UNUSED_FUNCTION = YES;
				GCC_WARN_UNUSED_VARIABLE = YES;
				INFOPLIST_FILE = WeatherApp/Resources/Info.plist;
				IPHONEOS_DEPLOYMENT_TARGET = 17.5;
				LOCALIZATION_PREFERS_STRING_CATALOGS = YES;
				MTL_ENABLE_DEBUG_INFO = NO;
				MTL_FAST_MATH = YES;
				SDKROOT = iphoneos;
				SWIFT_COMPILATION_MODE = wholemodule;
				VALIDATE_PRODUCT = YES;
			};
			name = Release;
		};
		9701FA6D2C4B09E600BEA9E8 /* Debug */ = {
			isa = XCBuildConfiguration;
			buildSettings = {
				ASSETCATALOG_COMPILER_APPICON_NAME = AppIcon;
				ASSETCATALOG_COMPILER_GLOBAL_ACCENT_COLOR_NAME = AccentColor;
				CODE_SIGN_STYLE = Automatic;
				CURRENT_PROJECT_VERSION = 1;
				DEVELOPMENT_TEAM = B4Z5W74G8L;
				GENERATE_INFOPLIST_FILE = YES;
				INFOPLIST_FILE = WeatherApp/Resources/Info.plist;
				INFOPLIST_KEY_LSApplicationCategoryType = "";
				INFOPLIST_KEY_UIApplicationSupportsIndirectInputEvents = YES;
				INFOPLIST_KEY_UILaunchStoryboardName = LaunchScreen;
				INFOPLIST_KEY_UISupportedInterfaceOrientations_iPad = "UIInterfaceOrientationPortrait UIInterfaceOrientationPortraitUpsideDown UIInterfaceOrientationLandscapeLeft UIInterfaceOrientationLandscapeRight";
				INFOPLIST_KEY_UISupportedInterfaceOrientations_iPhone = "UIInterfaceOrientationPortrait UIInterfaceOrientationLandscapeLeft UIInterfaceOrientationLandscapeRight";
				LD_RUNPATH_SEARCH_PATHS = (
					"$(inherited)",
					"@executable_path/Frameworks",
				);
				MARKETING_VERSION = 1.0;
				OTHER_SWIFT_FLAGS = "";
				PRODUCT_BUNDLE_IDENTIFIER = lsh.WeatherApp;
				PRODUCT_NAME = "$(TARGET_NAME)";
				SWIFT_EMIT_LOC_STRINGS = YES;
				SWIFT_VERSION = 5.0;
				TARGETED_DEVICE_FAMILY = "1,2";
			};
			name = Debug;
		};
		9701FA6E2C4B09E600BEA9E8 /* Release */ = {
			isa = XCBuildConfiguration;
			buildSettings = {
				ASSETCATALOG_COMPILER_APPICON_NAME = AppIcon;
				ASSETCATALOG_COMPILER_GLOBAL_ACCENT_COLOR_NAME = AccentColor;
				CODE_SIGN_STYLE = Automatic;
				CURRENT_PROJECT_VERSION = 1;
				DEVELOPMENT_TEAM = B4Z5W74G8L;
				GENERATE_INFOPLIST_FILE = YES;
				INFOPLIST_FILE = WeatherApp/Resources/Info.plist;
				INFOPLIST_KEY_LSApplicationCategoryType = "";
				INFOPLIST_KEY_UIApplicationSupportsIndirectInputEvents = YES;
				INFOPLIST_KEY_UILaunchStoryboardName = LaunchScreen;
				INFOPLIST_KEY_UISupportedInterfaceOrientations_iPad = "UIInterfaceOrientationPortrait UIInterfaceOrientationPortraitUpsideDown UIInterfaceOrientationLandscapeLeft UIInterfaceOrientationLandscapeRight";
				INFOPLIST_KEY_UISupportedInterfaceOrientations_iPhone = "UIInterfaceOrientationPortrait UIInterfaceOrientationLandscapeLeft UIInterfaceOrientationLandscapeRight";
				LD_RUNPATH_SEARCH_PATHS = (
					"$(inherited)",
					"@executable_path/Frameworks",
				);
				MARKETING_VERSION = 1.0;
				OTHER_SWIFT_FLAGS = "";
				PRODUCT_BUNDLE_IDENTIFIER = lsh.WeatherApp;
				PRODUCT_NAME = "$(TARGET_NAME)";
				SWIFT_EMIT_LOC_STRINGS = YES;
				SWIFT_VERSION = 5.0;
				TARGETED_DEVICE_FAMILY = "1,2";
			};
			name = Release;
		};
/* End XCBuildConfiguration section */

/* Begin XCConfigurationList section */
		9701FA3D2C4B09E500BEA9E8 /* Build configuration list for PBXProject "WeatherApp" */ = {
			isa = XCConfigurationList;
			buildConfigurations = (
				9701FA6A2C4B09E600BEA9E8 /* Debug */,
				9701FA6B2C4B09E600BEA9E8 /* Release */,
			);
			defaultConfigurationIsVisible = 0;
			defaultConfigurationName = Release;
		};
		9701FA6C2C4B09E600BEA9E8 /* Build configuration list for PBXNativeTarget "WeatherApp" */ = {
			isa = XCConfigurationList;
			buildConfigurations = (
				9701FA6D2C4B09E600BEA9E8 /* Debug */,
				9701FA6E2C4B09E600BEA9E8 /* Release */,
			);
			defaultConfigurationIsVisible = 0;
			defaultConfigurationName = Release;
		};
/* End XCConfigurationList section */
	};
	rootObject = 9701FA3A2C4B09E500BEA9E8 /* Project object */;
}
